<?xml version="1.0" encoding="utf-8"?>
<Project ToolsVersion="4.0" xmlns="http://schemas.microsoft.com/developer/msbuild/2003">
  <ItemGroup>
    <Filter Include="Tusk">
      <UniqueIdentifier>{4C208D7C-3857-8E0D-E143-7410CD590A0F}</UniqueIdentifier>
    </Filter>
    <Filter Include="Tusk\Events">
      <UniqueIdentifier>{B0FE8965-1CB4-025B-A5A8-FC31115DF95E}</UniqueIdentifier>
    </Filter>
    <Filter Include="Tusk\GUI">
      <UniqueIdentifier>{60659743-4C32-F24E-754B-E0F6617727DD}</UniqueIdentifier>
    </Filter>
    <Filter Include="Tusk\Layers">
      <UniqueIdentifier>{8BE96C74-F79E-E569-8093-DF40EC47DC6D}</UniqueIdentifier>
    </Filter>
    <Filter Include="Tusk\Model">
      <UniqueIdentifier>{8C928187-784A-C3D4-E151-9C30CD285EC5}</UniqueIdentifier>
    </Filter>
    <Filter Include="Tusk\Platform">
      <UniqueIdentifier>{2072220C-8C32-9E42-556D-E7BFC1ECE21E}</UniqueIdentifier>
    </Filter>
    <Filter Include="Tusk\Platform\GLFW">
      <UniqueIdentifier>{5F81992B-4B65-5A81-B4C5-54D4A0C84403}</UniqueIdentifier>
    </Filter>
    <Filter Include="Tusk\Renderer">
      <UniqueIdentifier>{7279FFE6-DE39-7B1D-A774-C49A13F4BFF9}</UniqueIdentifier>
    </Filter>
    <Filter Include="Tusk\Renderer\OpenGL">
      <UniqueIdentifier>{66CE6A67-525D-F430-FB7B-082CE7E904D7}</UniqueIdentifier>
    </Filter>
    <Filter Include="Tusk\Scene">
      <UniqueIdentifier>{6996E787-554E-29D5-BE55-0231AA2CC4C5}</UniqueIdentifier>
    </Filter>
    <Filter Include="Tusk\Utils">
      <UniqueIdentifier>{AC2A1588-98E2-56D5-01EA-2F31EDC0F1C5}</UniqueIdentifier>
    </Filter>
  </ItemGroup>
  <ItemGroup>
    <ClInclude Include="Tusk.h" />
    <ClInclude Include="Tusk\Application.h">
      <Filter>Tusk</Filter>
    </ClInclude>
    <ClInclude Include="Tusk\EntryPoint.h">
      <Filter>Tusk</Filter>
    </ClInclude>
    <ClInclude Include="Tusk\Events\ApplicationEvent.h">
      <Filter>Tusk\Events</Filter>
    </ClInclude>
    <ClInclude Include="Tusk\Events\Event.h">
      <Filter>Tusk\Events</Filter>
    </ClInclude>
    <ClInclude Include="Tusk\Events\KeyEvent.h">
      <Filter>Tusk\Events</Filter>
    </ClInclude>
    <ClInclude Include="Tusk\Events\MouseEvent.h">
      <Filter>Tusk\Events</Filter>
    </ClInclude>
    <ClInclude Include="Tusk\GUI\ImGuiLayer.h">
      <Filter>Tusk\GUI</Filter>
    </ClInclude>
    <ClInclude Include="Tusk\Layers\Layer.h">
      <Filter>Tusk\Layers</Filter>
    </ClInclude>
    <ClInclude Include="Tusk\Layers\LayerStack.h">
      <Filter>Tusk\Layers</Filter>
    </ClInclude>
    <ClInclude Include="Tusk\Model\Mesh.h">
      <Filter>Tusk\Model</Filter>
    </ClInclude>
    <ClInclude Include="Tusk\Model\Model.h">
      <Filter>Tusk\Model</Filter>
    </ClInclude>
    <ClInclude Include="Tusk\Platform\GLFW\GLFWInput.h">
      <Filter>Tusk\Platform\GLFW</Filter>
    </ClInclude>
    <ClInclude Include="Tusk\Platform\GLFW\GLFWWindow.h">
      <Filter>Tusk\Platform\GLFW</Filter>
    </ClInclude>
    <ClInclude Include="Tusk\Platform\Input.h">
      <Filter>Tusk\Platform</Filter>
    </ClInclude>
    <ClInclude Include="Tusk\Platform\KeyCodes.h">
      <Filter>Tusk\Platform</Filter>
    </ClInclude>
    <ClInclude Include="Tusk\Platform\MouseButtonCodes.h">
      <Filter>Tusk\Platform</Filter>
    </ClInclude>
    <ClInclude Include="Tusk\Platform\Window.h">
      <Filter>Tusk\Platform</Filter>
    </ClInclude>
    <ClInclude Include="Tusk\Renderer\Buffer.h">
      <Filter>Tusk\Renderer</Filter>
    </ClInclude>
    <ClInclude Include="Tusk\Renderer\Framebuffer.h">
      <Filter>Tusk\Renderer</Filter>
    </ClInclude>
    <ClInclude Include="Tusk\Renderer\GraphicsContext.h">
      <Filter>Tusk\Renderer</Filter>
    </ClInclude>
    <ClInclude Include="Tusk\Renderer\OpenGL\OpenGLBuffer.h">
      <Filter>Tusk\Renderer\OpenGL</Filter>
    </ClInclude>
    <ClInclude Include="Tusk\Renderer\OpenGL\OpenGLContext.h">
      <Filter>Tusk\Renderer\OpenGL</Filter>
    </ClInclude>
    <ClInclude Include="Tusk\Renderer\OpenGL\OpenGLFramebuffer.h">
      <Filter>Tusk\Renderer\OpenGL</Filter>
    </ClInclude>
    <ClInclude Include="Tusk\Renderer\OpenGL\OpenGLRendererAPI.h">
      <Filter>Tusk\Renderer\OpenGL</Filter>
    </ClInclude>
    <ClInclude Include="Tusk\Renderer\OpenGL\OpenGLShader.h">
      <Filter>Tusk\Renderer\OpenGL</Filter>
    </ClInclude>
    <ClInclude Include="Tusk\Renderer\OpenGL\OpenGLTexture.h">
      <Filter>Tusk\Renderer\OpenGL</Filter>
    </ClInclude>
    <ClInclude Include="Tusk\Renderer\OpenGL\OpenGLVertexArray.h">
      <Filter>Tusk\Renderer\OpenGL</Filter>
    </ClInclude>
    <ClInclude Include="Tusk\Renderer\RenderCommand.h">
      <Filter>Tusk\Renderer</Filter>
    </ClInclude>
    <ClInclude Include="Tusk\Renderer\Renderer.h">
      <Filter>Tusk\Renderer</Filter>
    </ClInclude>
    <ClInclude Include="Tusk\Renderer\RendererAPI.h">
      <Filter>Tusk\Renderer</Filter>
    </ClInclude>
    <ClInclude Include="Tusk\Renderer\Shader.h">
      <Filter>Tusk\Renderer</Filter>
    </ClInclude>
    <ClInclude Include="Tusk\Renderer\Texture.h">
      <Filter>Tusk\Renderer</Filter>
    </ClInclude>
    <ClInclude Include="Tusk\Renderer\VertexArray.h">
      <Filter>Tusk\Renderer</Filter>
    </ClInclude>
    <ClInclude Include="Tusk\Scene\Components.h">
      <Filter>Tusk\Scene</Filter>
    </ClInclude>
    <ClInclude Include="Tusk\Scene\Entity.h">
      <Filter>Tusk\Scene</Filter>
    </ClInclude>
    <ClInclude Include="Tusk\Scene\Scene.h">
      <Filter>Tusk\Scene</Filter>
    </ClInclude>
    <ClInclude Include="Tusk\Scene\ScriptableEntity.h">
      <Filter>Tusk\Scene</Filter>
    </ClInclude>
    <ClInclude Include="Tusk\Scene\Transform.h">
      <Filter>Tusk\Scene</Filter>
    </ClInclude>
    <ClInclude Include="Tusk\Utils\Defines.h">
      <Filter>Tusk\Utils</Filter>
    </ClInclude>
    <ClInclude Include="Tusk\Utils\Logger.h">
      <Filter>Tusk\Utils</Filter>
    </ClInclude>
    <ClInclude Include="tuskpch.h" />
    <ClInclude Include="Tusk\Camera\Camera.h">
      <Filter>Tusk\Renderer</Filter>
    </ClInclude>
    <ClInclude Include="Tusk\Camera\SceneCamera.h" />
    <ClInclude Include="Tusk\Light\LightObject.h" />
    <ClInclude Include="Tusk\Light\LightShader.h" />
    <ClInclude Include="Tusk\Light\DirectionalLight.h" />
  </ItemGroup>
  <ItemGroup>
    <ClCompile Include="Tusk\Application.cpp">
      <Filter>Tusk</Filter>
    </ClCompile>
    <ClCompile Include="Tusk\GUI\ImGuiBuild.cpp">
      <Filter>Tusk\GUI</Filter>
    </ClCompile>
    <ClCompile Include="Tusk\GUI\ImGuiLayer.cpp">
      <Filter>Tusk\GUI</Filter>
    </ClCompile>
    <ClCompile Include="Tusk\Layers\Layer.cpp">
      <Filter>Tusk\Layers</Filter>
    </ClCompile>
    <ClCompile Include="Tusk\Layers\LayerStack.cpp">
      <Filter>Tusk\Layers</Filter>
    </ClCompile>
    <ClCompile Include="Tusk\Model\Mesh.cpp">
      <Filter>Tusk\Model</Filter>
    </ClCompile>
    <ClCompile Include="Tusk\Platform\GLFW\GLFWInput.cpp">
      <Filter>Tusk\Platform\GLFW</Filter>
    </ClCompile>
    <ClCompile Include="Tusk\Platform\GLFW\GLFWWindow.cpp">
      <Filter>Tusk\Platform\GLFW</Filter>
    </ClCompile>
    <ClCompile Include="Tusk\Platform\Window.cpp">
      <Filter>Tusk\Platform</Filter>
    </ClCompile>
    <ClCompile Include="Tusk\Renderer\Buffer.cpp">
      <Filter>Tusk\Renderer</Filter>
    </ClCompile>
    <ClCompile Include="Tusk\Renderer\Framebuffer.cpp">
      <Filter>Tusk\Renderer</Filter>
    </ClCompile>
    <ClCompile Include="Tusk\Renderer\GraphicsContext.cpp">
      <Filter>Tusk\Renderer</Filter>
    </ClCompile>
    <ClCompile Include="Tusk\Renderer\OpenGL\OpenGLBuffer.cpp">
      <Filter>Tusk\Renderer\OpenGL</Filter>
    </ClCompile>
    <ClCompile Include="Tusk\Renderer\OpenGL\OpenGLContext.cpp">
      <Filter>Tusk\Renderer\OpenGL</Filter>
    </ClCompile>
    <ClCompile Include="Tusk\Renderer\OpenGL\OpenGLFramebuffer.cpp">
      <Filter>Tusk\Renderer\OpenGL</Filter>
    </ClCompile>
    <ClCompile Include="Tusk\Renderer\OpenGL\OpenGLRendererAPI.cpp">
      <Filter>Tusk\Renderer\OpenGL</Filter>
    </ClCompile>
    <ClCompile Include="Tusk\Renderer\OpenGL\OpenGLShader.cpp">
      <Filter>Tusk\Renderer\OpenGL</Filter>
    </ClCompile>
    <ClCompile Include="Tusk\Renderer\OpenGL\OpenGLTexture.cpp">
      <Filter>Tusk\Renderer\OpenGL</Filter>
    </ClCompile>
    <ClCompile Include="Tusk\Renderer\OpenGL\OpenGLVertexArray.cpp">
      <Filter>Tusk\Renderer\OpenGL</Filter>
    </ClCompile>
    <ClCompile Include="Tusk\Renderer\RenderCommand.cpp">
      <Filter>Tusk\Renderer</Filter>
    </ClCompile>
    <ClCompile Include="Tusk\Renderer\Renderer.cpp">
      <Filter>Tusk\Renderer</Filter>
    </ClCompile>
    <ClCompile Include="Tusk\Renderer\RendererAPI.cpp">
      <Filter>Tusk\Renderer</Filter>
    </ClCompile>
    <ClCompile Include="Tusk\Renderer\Shader.cpp">
      <Filter>Tusk\Renderer</Filter>
    </ClCompile>
    <ClCompile Include="Tusk\Renderer\Texture.cpp">
      <Filter>Tusk\Renderer</Filter>
    </ClCompile>
    <ClCompile Include="Tusk\Renderer\VertexArray.cpp">
      <Filter>Tusk\Renderer</Filter>
    </ClCompile>
    <ClCompile Include="Tusk\Scene\Entity.cpp">
      <Filter>Tusk\Scene</Filter>
    </ClCompile>
    <ClCompile Include="Tusk\Scene\Scene.cpp">
      <Filter>Tusk\Scene</Filter>
    </ClCompile>
    <ClCompile Include="Tusk\Utils\Logger.cpp">
      <Filter>Tusk\Utils</Filter>
    </ClCompile>
    <ClCompile Include="tuskpch.cpp" />
    <ClCompile Include="Tusk\Model\Model.cpp" />
    <ClCompile Include="Tusk\Camera\SceneCamera.cpp" />
    <ClCompile Include="Tusk\Light\LightShader.cpp" />
    <ClCompile Include="Tusk\Light\LightObject.cpp" />
  </ItemGroup>
</Project>