<?xml version="1.0" encoding="utf-8"?>
<Project ToolsVersion="4.0" xmlns="http://schemas.microsoft.com/developer/msbuild/2003">
  <ItemGroup>
    <Filter Include="Tusk">
      <UniqueIdentifier>{4C208D7C-3857-8E0D-E143-7410CD590A0F}</UniqueIdentifier>
    </Filter>
    <Filter Include="Tusk\Animation">
      <UniqueIdentifier>{3BA8CFEC-2776-C3F2-100A-3419FC769F57}</UniqueIdentifier>
    </Filter>
    <Filter Include="Tusk\Audio">
      <UniqueIdentifier>{4DB7AB86-396F-EDD3-A276-C62F8E4D88C4}</UniqueIdentifier>
    </Filter>
    <Filter Include="Tusk\Audio\OpenAL">
      <UniqueIdentifier>{1B87A1F9-879D-9F8F-D014-2BB13C6A7017}</UniqueIdentifier>
    </Filter>
    <Filter Include="Tusk\Camera">
      <UniqueIdentifier>{44E7675F-B09C-E054-3991-DA2BA545D758}</UniqueIdentifier>
    </Filter>
    <Filter Include="Tusk\Events">
      <UniqueIdentifier>{B0FE8965-1CB4-025B-A5A8-FC31115DF95E}</UniqueIdentifier>
    </Filter>
    <Filter Include="Tusk\GUI">
      <UniqueIdentifier>{60659743-4C32-F24E-754B-E0F6617727DD}</UniqueIdentifier>
    </Filter>
    <Filter Include="Tusk\Layers">
      <UniqueIdentifier>{8BE96C74-F79E-E569-8093-DF40EC47DC6D}</UniqueIdentifier>
    </Filter>
    <Filter Include="Tusk\Light">
      <UniqueIdentifier>{F33C6C87-DFF4-ADD4-48FC-863034D348C5}</UniqueIdentifier>
    </Filter>
    <Filter Include="Tusk\Model">
      <UniqueIdentifier>{8C928187-784A-C3D4-E151-9C30CD285EC5}</UniqueIdentifier>
    </Filter>
    <Filter Include="Tusk\Model\Collada">
      <UniqueIdentifier>{6B3161B5-5715-220B-C075-1C5EAC780C8D}</UniqueIdentifier>
    </Filter>
    <Filter Include="Tusk\Model\Primitives">
      <UniqueIdentifier>{E7E0DE0E-534D-9A09-1C41-3267886CBC71}</UniqueIdentifier>
    </Filter>
    <Filter Include="Tusk\Model\Utils">
      <UniqueIdentifier>{EC4CA6A7-D845-C5F9-0178-AA7EEDCFA405}</UniqueIdentifier>
    </Filter>
    <Filter Include="Tusk\Platform">
      <UniqueIdentifier>{2072220C-8C32-9E42-556D-E7BFC1ECE21E}</UniqueIdentifier>
    </Filter>
    <Filter Include="Tusk\Platform\GLFW">
      <UniqueIdentifier>{5F81992B-4B65-5A81-B4C5-54D4A0C84403}</UniqueIdentifier>
    </Filter>
    <Filter Include="Tusk\Renderer">
      <UniqueIdentifier>{7279FFE6-DE39-7B1D-A774-C49A13F4BFF9}</UniqueIdentifier>
    </Filter>
    <Filter Include="Tusk\Renderer\OpenGL">
      <UniqueIdentifier>{66CE6A67-525D-F430-FB7B-082CE7E904D7}</UniqueIdentifier>
    </Filter>
    <Filter Include="Tusk\Scene">
      <UniqueIdentifier>{6996E787-554E-29D5-BE55-0231AA2CC4C5}</UniqueIdentifier>
    </Filter>
    <Filter Include="Tusk\Skybox">
      <UniqueIdentifier>{DBED7585-47A3-EE7A-D097-E8513C4CE57E}</UniqueIdentifier>
    </Filter>
    <Filter Include="Tusk\Utils">
      <UniqueIdentifier>{AC2A1588-98E2-56D5-01EA-2F31EDC0F1C5}</UniqueIdentifier>
    </Filter>
  </ItemGroup>
  <ItemGroup>
    <ClInclude Include="Tusk.h" />
    <ClInclude Include="Tusk\Animation\Animation.h">
      <Filter>Tusk\Animation</Filter>
    </ClInclude>
    <ClInclude Include="Tusk\Animation\Animator.h">
      <Filter>Tusk\Animation</Filter>
    </ClInclude>
    <ClInclude Include="Tusk\Animation\Joint.h">
      <Filter>Tusk\Animation</Filter>
    </ClInclude>
    <ClInclude Include="Tusk\Animation\JointTransform.h">
      <Filter>Tusk\Animation</Filter>
    </ClInclude>
    <ClInclude Include="Tusk\Animation\KeyFrame.h">
      <Filter>Tusk\Animation</Filter>
    </ClInclude>
    <ClInclude Include="Tusk\Application.h">
      <Filter>Tusk</Filter>
    </ClInclude>
    <ClInclude Include="Tusk\Audio\AudioClip.h">
      <Filter>Tusk\Audio</Filter>
    </ClInclude>
    <ClInclude Include="Tusk\Audio\AudioEngine.h">
      <Filter>Tusk\Audio</Filter>
    </ClInclude>
    <ClInclude Include="Tusk\Audio\AudioEngineAPI.h">
      <Filter>Tusk\Audio</Filter>
    </ClInclude>
    <ClInclude Include="Tusk\Audio\AudioSource.h">
      <Filter>Tusk\Audio</Filter>
    </ClInclude>
    <ClInclude Include="Tusk\Audio\OpenAL\OpenALAudioClip.h">
      <Filter>Tusk\Audio\OpenAL</Filter>
    </ClInclude>
    <ClInclude Include="Tusk\Audio\OpenAL\OpenALAudioEngineAPI.h">
      <Filter>Tusk\Audio\OpenAL</Filter>
    </ClInclude>
    <ClInclude Include="Tusk\Audio\OpenAL\OpenALSource.h">
      <Filter>Tusk\Audio\OpenAL</Filter>
    </ClInclude>
    <ClInclude Include="Tusk\Audio\WAVLoader.h">
      <Filter>Tusk\Audio</Filter>
    </ClInclude>
    <ClInclude Include="Tusk\Camera\Camera.h">
      <Filter>Tusk\Camera</Filter>
    </ClInclude>
    <ClInclude Include="Tusk\Camera\SceneCamera.h">
      <Filter>Tusk\Camera</Filter>
    </ClInclude>
    <ClInclude Include="Tusk\EntryPoint.h">
      <Filter>Tusk</Filter>
    </ClInclude>
    <ClInclude Include="Tusk\Events\ApplicationEvent.h">
      <Filter>Tusk\Events</Filter>
    </ClInclude>
    <ClInclude Include="Tusk\Events\Event.h">
      <Filter>Tusk\Events</Filter>
    </ClInclude>
    <ClInclude Include="Tusk\Events\KeyEvent.h">
      <Filter>Tusk\Events</Filter>
    </ClInclude>
    <ClInclude Include="Tusk\Events\MouseEvent.h">
      <Filter>Tusk\Events</Filter>
    </ClInclude>
    <ClInclude Include="Tusk\GUI\ImGuiLayer.h">
      <Filter>Tusk\GUI</Filter>
    </ClInclude>
    <ClInclude Include="Tusk\Layers\Layer.h">
      <Filter>Tusk\Layers</Filter>
    </ClInclude>
    <ClInclude Include="Tusk\Layers\LayerStack.h">
      <Filter>Tusk\Layers</Filter>
    </ClInclude>
    <ClInclude Include="Tusk\Light\DirectionalLight.h">
      <Filter>Tusk\Light</Filter>
    </ClInclude>
    <ClInclude Include="Tusk\Light\LightObject.h">
      <Filter>Tusk\Light</Filter>
    </ClInclude>
    <ClInclude Include="Tusk\Light\LightShader.h">
      <Filter>Tusk\Light</Filter>
    </ClInclude>
    <ClInclude Include="Tusk\Model\AnimationModel.h">
      <Filter>Tusk\Model</Filter>
    </ClInclude>
    <ClInclude Include="Tusk\Model\Collada\AnimationLoader.h">
      <Filter>Tusk\Model\Collada</Filter>
    </ClInclude>
    <ClInclude Include="Tusk\Model\Collada\ColladaLoader.h">
      <Filter>Tusk\Model\Collada</Filter>
    </ClInclude>
    <ClInclude Include="Tusk\Model\Collada\GeometryLoader.h">
      <Filter>Tusk\Model\Collada</Filter>
    </ClInclude>
    <ClInclude Include="Tusk\Model\Collada\SkeletonLoader.h">
      <Filter>Tusk\Model\Collada</Filter>
    </ClInclude>
    <ClInclude Include="Tusk\Model\Collada\SkinLoader.h">
      <Filter>Tusk\Model\Collada</Filter>
    </ClInclude>
    <ClInclude Include="Tusk\Model\Collada\VertexSkinData.h">
      <Filter>Tusk\Model\Collada</Filter>
    </ClInclude>
    <ClInclude Include="Tusk\Model\Loader.h">
      <Filter>Tusk\Model</Filter>
    </ClInclude>
    <ClInclude Include="Tusk\Model\Material.h">
      <Filter>Tusk\Model</Filter>
    </ClInclude>
    <ClInclude Include="Tusk\Model\Mesh.h">
      <Filter>Tusk\Model</Filter>
    </ClInclude>
    <ClInclude Include="Tusk\Model\Model.h">
      <Filter>Tusk\Model</Filter>
    </ClInclude>
    <ClInclude Include="Tusk\Model\Primitives\Cube.h">
      <Filter>Tusk\Model\Primitives</Filter>
    </ClInclude>
    <ClInclude Include="Tusk\Model\Primitives\Primitive.h">
      <Filter>Tusk\Model\Primitives</Filter>
    </ClInclude>
    <ClInclude Include="Tusk\Model\Utils\Utils.h">
      <Filter>Tusk\Model\Utils</Filter>
    </ClInclude>
    <ClInclude Include="Tusk\Platform\GLFW\GLFWInput.h">
      <Filter>Tusk\Platform\GLFW</Filter>
    </ClInclude>
    <ClInclude Include="Tusk\Platform\GLFW\GLFWWindow.h">
      <Filter>Tusk\Platform\GLFW</Filter>
    </ClInclude>
    <ClInclude Include="Tusk\Platform\Input.h">
      <Filter>Tusk\Platform</Filter>
    </ClInclude>
    <ClInclude Include="Tusk\Platform\KeyCodes.h">
      <Filter>Tusk\Platform</Filter>
    </ClInclude>
    <ClInclude Include="Tusk\Platform\MouseButtonCodes.h">
      <Filter>Tusk\Platform</Filter>
    </ClInclude>
    <ClInclude Include="Tusk\Platform\Window.h">
      <Filter>Tusk\Platform</Filter>
    </ClInclude>
    <ClInclude Include="Tusk\Renderer\Buffer.h">
      <Filter>Tusk\Renderer</Filter>
    </ClInclude>
    <ClInclude Include="Tusk\Renderer\Cubemap.h">
      <Filter>Tusk\Renderer</Filter>
    </ClInclude>
    <ClInclude Include="Tusk\Renderer\Framebuffer.h">
      <Filter>Tusk\Renderer</Filter>
    </ClInclude>
    <ClInclude Include="Tusk\Renderer\GraphicsContext.h">
      <Filter>Tusk\Renderer</Filter>
    </ClInclude>
    <ClInclude Include="Tusk\Renderer\OpenGL\OpenGLBuffer.h">
      <Filter>Tusk\Renderer\OpenGL</Filter>
    </ClInclude>
    <ClInclude Include="Tusk\Renderer\OpenGL\OpenGLContext.h">
      <Filter>Tusk\Renderer\OpenGL</Filter>
    </ClInclude>
    <ClInclude Include="Tusk\Renderer\OpenGL\OpenGLCubemap.h">
      <Filter>Tusk\Renderer\OpenGL</Filter>
    </ClInclude>
    <ClInclude Include="Tusk\Renderer\OpenGL\OpenGLFramebuffer.h">
      <Filter>Tusk\Renderer\OpenGL</Filter>
    </ClInclude>
    <ClInclude Include="Tusk\Renderer\OpenGL\OpenGLRendererAPI.h">
      <Filter>Tusk\Renderer\OpenGL</Filter>
    </ClInclude>
    <ClInclude Include="Tusk\Renderer\OpenGL\OpenGLShader.h">
      <Filter>Tusk\Renderer\OpenGL</Filter>
    </ClInclude>
    <ClInclude Include="Tusk\Renderer\OpenGL\OpenGLTexture.h">
      <Filter>Tusk\Renderer\OpenGL</Filter>
    </ClInclude>
    <ClInclude Include="Tusk\Renderer\OpenGL\OpenGLVertexArray.h">
      <Filter>Tusk\Renderer\OpenGL</Filter>
    </ClInclude>
    <ClInclude Include="Tusk\Renderer\RenderCommand.h">
      <Filter>Tusk\Renderer</Filter>
    </ClInclude>
    <ClInclude Include="Tusk\Renderer\Renderer.h">
      <Filter>Tusk\Renderer</Filter>
    </ClInclude>
    <ClInclude Include="Tusk\Renderer\RendererAPI.h">
      <Filter>Tusk\Renderer</Filter>
    </ClInclude>
    <ClInclude Include="Tusk\Renderer\Shader.h">
      <Filter>Tusk\Renderer</Filter>
    </ClInclude>
    <ClInclude Include="Tusk\Renderer\Texture.h">
      <Filter>Tusk\Renderer</Filter>
    </ClInclude>
    <ClInclude Include="Tusk\Renderer\VertexArray.h">
      <Filter>Tusk\Renderer</Filter>
    </ClInclude>
    <ClInclude Include="Tusk\Scene\Components.h">
      <Filter>Tusk\Scene</Filter>
    </ClInclude>
    <ClInclude Include="Tusk\Scene\Entity.h">
      <Filter>Tusk\Scene</Filter>
    </ClInclude>
    <ClInclude Include="Tusk\Scene\Scene.h">
      <Filter>Tusk\Scene</Filter>
    </ClInclude>
    <ClInclude Include="Tusk\Scene\ScriptableEntity.h">
      <Filter>Tusk\Scene</Filter>
    </ClInclude>
    <ClInclude Include="Tusk\Scene\Transform.h">
      <Filter>Tusk\Scene</Filter>
    </ClInclude>
    <ClInclude Include="Tusk\Skybox\Skybox.h">
      <Filter>Tusk\Skybox</Filter>
    </ClInclude>
    <ClInclude Include="Tusk\Utils\Defines.h">
      <Filter>Tusk\Utils</Filter>
    </ClInclude>
    <ClInclude Include="Tusk\Utils\Logger.h">
      <Filter>Tusk\Utils</Filter>
    </ClInclude>
    <ClInclude Include="tuskpch.h" />
    <ClInclude Include="Tusk\Model\OBJLoader\OBJLoader.h" />
  </ItemGroup>
  <ItemGroup>
    <ClCompile Include="Tusk\Animation\Animation.cpp">
      <Filter>Tusk\Animation</Filter>
    </ClCompile>
    <ClCompile Include="Tusk\Animation\Animator.cpp">
      <Filter>Tusk\Animation</Filter>
    </ClCompile>
    <ClCompile Include="Tusk\Animation\Joint.cpp">
      <Filter>Tusk\Animation</Filter>
    </ClCompile>
    <ClCompile Include="Tusk\Animation\JointTransform.cpp">
      <Filter>Tusk\Animation</Filter>
    </ClCompile>
    <ClCompile Include="Tusk\Animation\KeyFrame.cpp">
      <Filter>Tusk\Animation</Filter>
    </ClCompile>
    <ClCompile Include="Tusk\Application.cpp">
      <Filter>Tusk</Filter>
    </ClCompile>
    <ClCompile Include="Tusk\Audio\AudioClip.cpp">
      <Filter>Tusk\Audio</Filter>
    </ClCompile>
    <ClCompile Include="Tusk\Audio\AudioEngine.cpp">
      <Filter>Tusk\Audio</Filter>
    </ClCompile>
    <ClCompile Include="Tusk\Audio\AudioEngineAPI.cpp">
      <Filter>Tusk\Audio</Filter>
    </ClCompile>
    <ClCompile Include="Tusk\Audio\AudioSource.cpp">
      <Filter>Tusk\Audio</Filter>
    </ClCompile>
    <ClCompile Include="Tusk\Audio\OpenAL\OpenALAudioClip.cpp">
      <Filter>Tusk\Audio\OpenAL</Filter>
    </ClCompile>
    <ClCompile Include="Tusk\Audio\OpenAL\OpenALAudioEngineAPI.cpp">
      <Filter>Tusk\Audio\OpenAL</Filter>
    </ClCompile>
    <ClCompile Include="Tusk\Audio\OpenAL\OpenALSource.cpp">
      <Filter>Tusk\Audio\OpenAL</Filter>
    </ClCompile>
    <ClCompile Include="Tusk\Audio\WAVLoader.cpp">
      <Filter>Tusk\Audio</Filter>
    </ClCompile>
    <ClCompile Include="Tusk\Camera\SceneCamera.cpp">
      <Filter>Tusk\Camera</Filter>
    </ClCompile>
    <ClCompile Include="Tusk\GUI\ImGuiBuild.cpp">
      <Filter>Tusk\GUI</Filter>
    </ClCompile>
    <ClCompile Include="Tusk\GUI\ImGuiLayer.cpp">
      <Filter>Tusk\GUI</Filter>
    </ClCompile>
    <ClCompile Include="Tusk\Layers\Layer.cpp">
      <Filter>Tusk\Layers</Filter>
    </ClCompile>
    <ClCompile Include="Tusk\Layers\LayerStack.cpp">
      <Filter>Tusk\Layers</Filter>
    </ClCompile>
    <ClCompile Include="Tusk\Light\LightObject.cpp">
      <Filter>Tusk\Light</Filter>
    </ClCompile>
    <ClCompile Include="Tusk\Light\LightShader.cpp">
      <Filter>Tusk\Light</Filter>
    </ClCompile>
    <ClCompile Include="Tusk\Model\AnimationModel.cpp">
      <Filter>Tusk\Model</Filter>
    </ClCompile>
    <ClCompile Include="Tusk\Model\Collada\AnimationLoader.cpp">
      <Filter>Tusk\Model\Collada</Filter>
    </ClCompile>
    <ClCompile Include="Tusk\Model\Collada\ColladaLoader.cpp">
      <Filter>Tusk\Model\Collada</Filter>
    </ClCompile>
    <ClCompile Include="Tusk\Model\Collada\GeometryLoader.cpp">
      <Filter>Tusk\Model\Collada</Filter>
    </ClCompile>
    <ClCompile Include="Tusk\Model\Collada\SkeletonLoader.cpp">
      <Filter>Tusk\Model\Collada</Filter>
    </ClCompile>
    <ClCompile Include="Tusk\Model\Collada\SkinLoader.cpp">
      <Filter>Tusk\Model\Collada</Filter>
    </ClCompile>
    <ClCompile Include="Tusk\Model\Collada\VertexSkinData.cpp">
      <Filter>Tusk\Model\Collada</Filter>
    </ClCompile>
    <ClCompile Include="Tusk\Model\Loader.cpp">
      <Filter>Tusk\Model</Filter>
    </ClCompile>
    <ClCompile Include="Tusk\Model\Material.cpp">
      <Filter>Tusk\Model</Filter>
    </ClCompile>
    <ClCompile Include="Tusk\Model\Mesh.cpp">
      <Filter>Tusk\Model</Filter>
    </ClCompile>
    <ClCompile Include="Tusk\Model\Model.cpp">
      <Filter>Tusk\Model</Filter>
    </ClCompile>
    <ClCompile Include="Tusk\Model\Primitives\Cube.cpp">
      <Filter>Tusk\Model\Primitives</Filter>
    </ClCompile>
    <ClCompile Include="Tusk\Model\Primitives\Primitive.cpp">
      <Filter>Tusk\Model\Primitives</Filter>
    </ClCompile>
    <ClCompile Include="Tusk\Model\Utils\Utils.cpp">
      <Filter>Tusk\Model\Utils</Filter>
    </ClCompile>
    <ClCompile Include="Tusk\Platform\GLFW\GLFWInput.cpp">
      <Filter>Tusk\Platform\GLFW</Filter>
    </ClCompile>
    <ClCompile Include="Tusk\Platform\GLFW\GLFWWindow.cpp">
      <Filter>Tusk\Platform\GLFW</Filter>
    </ClCompile>
    <ClCompile Include="Tusk\Platform\Window.cpp">
      <Filter>Tusk\Platform</Filter>
    </ClCompile>
    <ClCompile Include="Tusk\Renderer\Buffer.cpp">
      <Filter>Tusk\Renderer</Filter>
    </ClCompile>
    <ClCompile Include="Tusk\Renderer\Cubemap.cpp">
      <Filter>Tusk\Renderer</Filter>
    </ClCompile>
    <ClCompile Include="Tusk\Renderer\Framebuffer.cpp">
      <Filter>Tusk\Renderer</Filter>
    </ClCompile>
    <ClCompile Include="Tusk\Renderer\GraphicsContext.cpp">
      <Filter>Tusk\Renderer</Filter>
    </ClCompile>
    <ClCompile Include="Tusk\Renderer\OpenGL\OpenGLBuffer.cpp">
      <Filter>Tusk\Renderer\OpenGL</Filter>
    </ClCompile>
    <ClCompile Include="Tusk\Renderer\OpenGL\OpenGLContext.cpp">
      <Filter>Tusk\Renderer\OpenGL</Filter>
    </ClCompile>
    <ClCompile Include="Tusk\Renderer\OpenGL\OpenGLCubemap.cpp">
      <Filter>Tusk\Renderer\OpenGL</Filter>
    </ClCompile>
    <ClCompile Include="Tusk\Renderer\OpenGL\OpenGLFramebuffer.cpp">
      <Filter>Tusk\Renderer\OpenGL</Filter>
    </ClCompile>
    <ClCompile Include="Tusk\Renderer\OpenGL\OpenGLRendererAPI.cpp">
      <Filter>Tusk\Renderer\OpenGL</Filter>
    </ClCompile>
    <ClCompile Include="Tusk\Renderer\OpenGL\OpenGLShader.cpp">
      <Filter>Tusk\Renderer\OpenGL</Filter>
    </ClCompile>
    <ClCompile Include="Tusk\Renderer\OpenGL\OpenGLTexture.cpp">
      <Filter>Tusk\Renderer\OpenGL</Filter>
    </ClCompile>
    <ClCompile Include="Tusk\Renderer\OpenGL\OpenGLVertexArray.cpp">
      <Filter>Tusk\Renderer\OpenGL</Filter>
    </ClCompile>
    <ClCompile Include="Tusk\Renderer\RenderCommand.cpp">
      <Filter>Tusk\Renderer</Filter>
    </ClCompile>
    <ClCompile Include="Tusk\Renderer\Renderer.cpp">
      <Filter>Tusk\Renderer</Filter>
    </ClCompile>
    <ClCompile Include="Tusk\Renderer\RendererAPI.cpp">
      <Filter>Tusk\Renderer</Filter>
    </ClCompile>
    <ClCompile Include="Tusk\Renderer\Shader.cpp">
      <Filter>Tusk\Renderer</Filter>
    </ClCompile>
    <ClCompile Include="Tusk\Renderer\Texture.cpp">
      <Filter>Tusk\Renderer</Filter>
    </ClCompile>
    <ClCompile Include="Tusk\Renderer\VertexArray.cpp">
      <Filter>Tusk\Renderer</Filter>
    </ClCompile>
    <ClCompile Include="Tusk\Scene\Entity.cpp">
      <Filter>Tusk\Scene</Filter>
    </ClCompile>
    <ClCompile Include="Tusk\Scene\Scene.cpp">
      <Filter>Tusk\Scene</Filter>
    </ClCompile>
    <ClCompile Include="Tusk\Skybox\Skybox.cpp">
      <Filter>Tusk\Skybox</Filter>
    </ClCompile>
    <ClCompile Include="Tusk\Utils\Logger.cpp">
      <Filter>Tusk\Utils</Filter>
    </ClCompile>
    <ClCompile Include="tuskpch.cpp" />
    <ClCompile Include="Tusk\Model\OBJLoader\OBJLoader.cpp" />
  </ItemGroup>
</Project>