<?xml version="1.0" encoding="utf-8"?>
<Project ToolsVersion="4.0" xmlns="http://schemas.microsoft.com/developer/msbuild/2003">
  <ItemGroup>
    <Filter Include="controllers">
      <UniqueIdentifier>{9CC960AC-087F-D9A1-9173-D378FD27D0A5}</UniqueIdentifier>
    </Filter>
    <Filter Include="layers">
      <UniqueIdentifier>{3588EB0A-212A-16E1-0AE5-2935F6259D31}</UniqueIdentifier>
    </Filter>
  </ItemGroup>
  <ItemGroup>
    <ClInclude Include="controllers\CameraController.h">
      <Filter>controllers</Filter>
    </ClInclude>
    <ClInclude Include="controllers\ModelController.h">
      <Filter>controllers</Filter>
    </ClInclude>
    <ClInclude Include="layers\ExampleLayer.h">
      <Filter>layers</Filter>
    </ClInclude>
  </ItemGroup>
  <ItemGroup>
    <ClCompile Include="controllers\CameraController.cpp">
      <Filter>controllers</Filter>
    </ClCompile>
    <ClCompile Include="controllers\ModelController.cpp">
      <Filter>controllers</Filter>
    </ClCompile>
    <ClCompile Include="main.cpp" />
  </ItemGroup>
</Project>